
Microsoft Visual Studio Solution File, Format Version 12.00
# Visual Studio Version 16
VisualStudioVersion = 16.0.30517.126
MinimumVisualStudioVersion = 10.0.40219.1
Project("{FAE04EC0-301F-11D3-BF4B-00C04F79EFBC}") = "EMS", "EMS\EMS.csproj", "{EFE5FFAE-522C-4789-9495-452B8B66C407}"
EndProject
Project("{FAE04EC0-301F-11D3-BF4B-00C04F79EFBC}") = "EMS.DAL", "EMS.DAL\EMS.DAL.csproj", "{03DC3ADC-CF07-4940-869B-20E771DF6079}"
EndProject
Project("{FAE04EC0-301F-11D3-BF4B-00C04F79EFBC}") = "EMS.BLL", "EMS.BLL\EMS.BLL.csproj", "{F565ECE3-A049-4B8D-84D6-AF37EFA9877D}"
EndProject
Project("{FAE04EC0-301F-11D3-BF4B-00C04F79EFBC}") = "EMS.Test", "EMS.Test\EMS.Test.csproj", "{9101BA33-0BA1-4A2D-9FFF-DEBD4D9D82DE}"
EndProject
Global
	GlobalSection(SolutionConfigurationPlatforms) = preSolution
		Debug|Any CPU = Debug|Any CPU
		Release|Any CPU = Release|Any CPU
	EndGlobalSection
	GlobalSection(ProjectConfigurationPlatforms) = postSolution
		{EFE5FFAE-522C-4789-9495-452B8B66C407}.Debug|Any CPU.ActiveCfg = Debug|Any CPU
		{EFE5FFAE-522C-4789-9495-452B8B66C407}.Debug|Any CPU.Build.0 = Debug|Any CPU
		{EFE5FFAE-522C-4789-9495-452B8B66C407}.Release|Any CPU.ActiveCfg = Release|Any CPU
		{EFE5FFAE-522C-4789-9495-452B8B66C407}.Release|Any CPU.Build.0 = Release|Any CPU
		{03DC3ADC-CF07-4940-869B-20E771DF6079}.Debug|Any CPU.ActiveCfg = Debug|Any CPU
		{03DC3ADC-CF07-4940-869B-20E771DF6079}.Debug|Any CPU.Build.0 = Debug|Any CPU
		{03DC3ADC-CF07-4940-869B-20E771DF6079}.Release|Any CPU.ActiveCfg = Release|Any CPU
		{03DC3ADC-CF07-4940-869B-20E771DF6079}.Release|Any CPU.Build.0 = Release|Any CPU
		{F565ECE3-A049-4B8D-84D6-AF37EFA9877D}.Debug|Any CPU.ActiveCfg = Debug|Any CPU
		{F565ECE3-A049-4B8D-84D6-AF37EFA9877D}.Debug|Any CPU.Build.0 = Debug|Any CPU
		{F565ECE3-A049-4B8D-84D6-AF37EFA9877D}.Release|Any CPU.ActiveCfg = Release|Any CPU
		{F565ECE3-A049-4B8D-84D6-AF37EFA9877D}.Release|Any CPU.Build.0 = Release|Any CPU
		{9101BA33-0BA1-4A2D-9FFF-DEBD4D9D82DE}.Debug|Any CPU.ActiveCfg = Debug|Any CPU
		{9101BA33-0BA1-4A2D-9FFF-DEBD4D9D82DE}.Debug|Any CPU.Build.0 = Debug|Any CPU
		{9101BA33-0BA1-4A2D-9FFF-DEBD4D9D82DE}.Release|Any CPU.ActiveCfg = Release|Any CPU
		{9101BA33-0BA1-4A2D-9FFF-DEBD4D9D82DE}.Release|Any CPU.Build.0 = Release|Any CPU
	EndGlobalSection
	GlobalSection(SolutionProperties) = preSolution
		HideSolutionNode = FALSE
	EndGlobalSection
	GlobalSection(ExtensibilityGlobals) = postSolution
		SolutionGuid = {AD48769A-729B-4C40-AB6C-227BF77FE1E6}
	EndGlobalSection
EndGlobal
